
Microsoft Visual Studio Solution File, Format Version 12.00
# Visual Studio Version 17
VisualStudioVersion = 17.6.33815.320
MinimumVisualStudioVersion = 10.0.40219.1
Project("{FAE04EC0-301F-11D3-BF4B-00C04F79EFBC}") = "AnosBisiestos", "AnosBisiestos.csproj", "{40170372-CD39-49FF-A3A9-24358C9ACCC4}"
EndProject
Project("{FAE04EC0-301F-11D3-BF4B-00C04F79EFBC}") = "Entidades", "..\Entidades\Entidades.csproj", "{ED108694-1912-451C-8B41-29413C8D0F46}"
EndProject
Global
	GlobalSection(SolutionConfigurationPlatforms) = preSolution
		Debug|Any CPU = Debug|Any CPU
		Release|Any CPU = Release|Any CPU
	EndGlobalSection
	GlobalSection(ProjectConfigurationPlatforms) = postSolution
		{40170372-CD39-49FF-A3A9-24358C9ACCC4}.Debug|Any CPU.ActiveCfg = Debug|Any CPU
		{40170372-CD39-49FF-A3A9-24358C9ACCC4}.Debug|Any CPU.Build.0 = Debug|Any CPU
		{40170372-CD39-49FF-A3A9-24358C9ACCC4}.Release|Any CPU.ActiveCfg = Release|Any CPU
		{40170372-CD39-49FF-A3A9-24358C9ACCC4}.Release|Any CPU.Build.0 = Release|Any CPU
		{ED108694-1912-451C-8B41-29413C8D0F46}.Debug|Any CPU.ActiveCfg = Debug|Any CPU
		{ED108694-1912-451C-8B41-29413C8D0F46}.Debug|Any CPU.Build.0 = Debug|Any CPU
		{ED108694-1912-451C-8B41-29413C8D0F46}.Release|Any CPU.ActiveCfg = Release|Any CPU
		{ED108694-1912-451C-8B41-29413C8D0F46}.Release|Any CPU.Build.0 = Release|Any CPU
	EndGlobalSection
	GlobalSection(SolutionProperties) = preSolution
		HideSolutionNode = FALSE
	EndGlobalSection
	GlobalSection(ExtensibilityGlobals) = postSolution
		SolutionGuid = {F1C1C815-BB2F-4E9A-A805-83F2CF07C5AA}
	EndGlobalSection
EndGlobal
