
Microsoft Visual Studio Solution File, Format Version 12.00
# Visual Studio Version 17
VisualStudioVersion = 17.6.33815.320
MinimumVisualStudioVersion = 10.0.40219.1
Project("{FAE04EC0-301F-11D3-BF4B-00C04F79EFBC}") = "LaCalculadora", "LaCalculadora.csproj", "{5A628D90-C983-4D2F-9A39-4C242CCB518B}"
EndProject
Project("{FAE04EC0-301F-11D3-BF4B-00C04F79EFBC}") = "Entidades", "..\Entidades\Entidades.csproj", "{F032A318-CEBA-4B9F-8D8D-99257268C138}"
EndProject
Global
	GlobalSection(SolutionConfigurationPlatforms) = preSolution
		Debug|Any CPU = Debug|Any CPU
		Release|Any CPU = Release|Any CPU
	EndGlobalSection
	GlobalSection(ProjectConfigurationPlatforms) = postSolution
		{5A628D90-C983-4D2F-9A39-4C242CCB518B}.Debug|Any CPU.ActiveCfg = Debug|Any CPU
		{5A628D90-C983-4D2F-9A39-4C242CCB518B}.Debug|Any CPU.Build.0 = Debug|Any CPU
		{5A628D90-C983-4D2F-9A39-4C242CCB518B}.Release|Any CPU.ActiveCfg = Release|Any CPU
		{5A628D90-C983-4D2F-9A39-4C242CCB518B}.Release|Any CPU.Build.0 = Release|Any CPU
		{F032A318-CEBA-4B9F-8D8D-99257268C138}.Debug|Any CPU.ActiveCfg = Debug|Any CPU
		{F032A318-CEBA-4B9F-8D8D-99257268C138}.Debug|Any CPU.Build.0 = Debug|Any CPU
		{F032A318-CEBA-4B9F-8D8D-99257268C138}.Release|Any CPU.ActiveCfg = Release|Any CPU
		{F032A318-CEBA-4B9F-8D8D-99257268C138}.Release|Any CPU.Build.0 = Release|Any CPU
	EndGlobalSection
	GlobalSection(SolutionProperties) = preSolution
		HideSolutionNode = FALSE
	EndGlobalSection
	GlobalSection(ExtensibilityGlobals) = postSolution
		SolutionGuid = {7912EA62-C51F-483D-BB48-527A0C995215}
	EndGlobalSection
EndGlobal
