
Microsoft Visual Studio Solution File, Format Version 12.00
# Visual Studio Version 17
VisualStudioVersion = 17.6.33815.320
MinimumVisualStudioVersion = 10.0.40219.1
Project("{FAE04EC0-301F-11D3-BF4B-00C04F79EFBC}") = "HerenciaDeportiva", "HerenciaDeportiva\HerenciaDeportiva.csproj", "{547F185B-7596-4496-A1CB-E7C4EA075596}"
EndProject
Project("{9A19103F-16F7-4668-BE54-9A1E7A4F7556}") = "Entidades", "..\..\..\Encapsulamiento\Ejercicio44\JugadoresEncapsulados\Entidades\Entidades.csproj", "{EE3C88D1-8BE8-4783-8FF8-13704E33BA39}"
EndProject
Global
	GlobalSection(SolutionConfigurationPlatforms) = preSolution
		Debug|Any CPU = Debug|Any CPU
		Release|Any CPU = Release|Any CPU
	EndGlobalSection
	GlobalSection(ProjectConfigurationPlatforms) = postSolution
		{547F185B-7596-4496-A1CB-E7C4EA075596}.Debug|Any CPU.ActiveCfg = Debug|Any CPU
		{547F185B-7596-4496-A1CB-E7C4EA075596}.Debug|Any CPU.Build.0 = Debug|Any CPU
		{547F185B-7596-4496-A1CB-E7C4EA075596}.Release|Any CPU.ActiveCfg = Release|Any CPU
		{547F185B-7596-4496-A1CB-E7C4EA075596}.Release|Any CPU.Build.0 = Release|Any CPU
		{EE3C88D1-8BE8-4783-8FF8-13704E33BA39}.Debug|Any CPU.ActiveCfg = Debug|Any CPU
		{EE3C88D1-8BE8-4783-8FF8-13704E33BA39}.Debug|Any CPU.Build.0 = Debug|Any CPU
		{EE3C88D1-8BE8-4783-8FF8-13704E33BA39}.Release|Any CPU.ActiveCfg = Release|Any CPU
		{EE3C88D1-8BE8-4783-8FF8-13704E33BA39}.Release|Any CPU.Build.0 = Release|Any CPU
	EndGlobalSection
	GlobalSection(SolutionProperties) = preSolution
		HideSolutionNode = FALSE
	EndGlobalSection
	GlobalSection(ExtensibilityGlobals) = postSolution
		SolutionGuid = {506E1185-49DB-442E-ACB6-322162F7AEB2}
	EndGlobalSection
EndGlobal
