
Microsoft Visual Studio Solution File, Format Version 12.00
# Visual Studio Version 17
VisualStudioVersion = 17.7.34024.191
MinimumVisualStudioVersion = 10.0.40219.1
Project("{FAE04EC0-301F-11D3-BF4B-00C04F79EFBC}") = "Centralita-III", "Centralita-III\Centralita-III.csproj", "{2E78A812-13E6-4998-9ABF-B51D7B1CAB7A}"
EndProject
Global
	GlobalSection(SolutionConfigurationPlatforms) = preSolution
		Debug|Any CPU = Debug|Any CPU
		Release|Any CPU = Release|Any CPU
	EndGlobalSection
	GlobalSection(ProjectConfigurationPlatforms) = postSolution
		{2E78A812-13E6-4998-9ABF-B51D7B1CAB7A}.Debug|Any CPU.ActiveCfg = Debug|Any CPU
		{2E78A812-13E6-4998-9ABF-B51D7B1CAB7A}.Debug|Any CPU.Build.0 = Debug|Any CPU
		{2E78A812-13E6-4998-9ABF-B51D7B1CAB7A}.Release|Any CPU.ActiveCfg = Release|Any CPU
		{2E78A812-13E6-4998-9ABF-B51D7B1CAB7A}.Release|Any CPU.Build.0 = Release|Any CPU
	EndGlobalSection
	GlobalSection(SolutionProperties) = preSolution
		HideSolutionNode = FALSE
	EndGlobalSection
	GlobalSection(ExtensibilityGlobals) = postSolution
		SolutionGuid = {36509775-2E4A-4167-8A82-C346D80C7F73}
	EndGlobalSection
EndGlobal
