
Microsoft Visual Studio Solution File, Format Version 12.00
# Visual Studio Version 17
VisualStudioVersion = 17.6.33815.320
MinimumVisualStudioVersion = 10.0.40219.1
Project("{FAE04EC0-301F-11D3-BF4B-00C04F79EFBC}") = "ErrorAlCubo", "ErrorAlCubo.csproj", "{EFCBA17B-ACE5-41CD-8EAB-CE382A7EDBB7}"
EndProject
Project("{FAE04EC0-301F-11D3-BF4B-00C04F79EFBC}") = "Entidades", "..\Entidades\Entidades.csproj", "{C2D47C92-4C8F-4FD9-A8DA-A6221EA01B51}"
EndProject
Global
	GlobalSection(SolutionConfigurationPlatforms) = preSolution
		Debug|Any CPU = Debug|Any CPU
		Release|Any CPU = Release|Any CPU
	EndGlobalSection
	GlobalSection(ProjectConfigurationPlatforms) = postSolution
		{EFCBA17B-ACE5-41CD-8EAB-CE382A7EDBB7}.Debug|Any CPU.ActiveCfg = Debug|Any CPU
		{EFCBA17B-ACE5-41CD-8EAB-CE382A7EDBB7}.Debug|Any CPU.Build.0 = Debug|Any CPU
		{EFCBA17B-ACE5-41CD-8EAB-CE382A7EDBB7}.Release|Any CPU.ActiveCfg = Release|Any CPU
		{EFCBA17B-ACE5-41CD-8EAB-CE382A7EDBB7}.Release|Any CPU.Build.0 = Release|Any CPU
		{C2D47C92-4C8F-4FD9-A8DA-A6221EA01B51}.Debug|Any CPU.ActiveCfg = Debug|Any CPU
		{C2D47C92-4C8F-4FD9-A8DA-A6221EA01B51}.Debug|Any CPU.Build.0 = Debug|Any CPU
		{C2D47C92-4C8F-4FD9-A8DA-A6221EA01B51}.Release|Any CPU.ActiveCfg = Release|Any CPU
		{C2D47C92-4C8F-4FD9-A8DA-A6221EA01B51}.Release|Any CPU.Build.0 = Release|Any CPU
	EndGlobalSection
	GlobalSection(SolutionProperties) = preSolution
		HideSolutionNode = FALSE
	EndGlobalSection
	GlobalSection(ExtensibilityGlobals) = postSolution
		SolutionGuid = {0A7458A2-F1E1-4CA0-AC84-161850E8F65D}
	EndGlobalSection
EndGlobal
