
Microsoft Visual Studio Solution File, Format Version 12.00
# Visual Studio Version 17
VisualStudioVersion = 17.6.33815.320
MinimumVisualStudioVersion = 10.0.40219.1
Project("{FAE04EC0-301F-11D3-BF4B-00C04F79EFBC}") = "Entidades", "Entidades\Entidades.csproj", "{771C306A-E548-48B5-BFBA-F71F0E032157}"
EndProject
Project("{FAE04EC0-301F-11D3-BF4B-00C04F79EFBC}") = "ConsoleApp", "ConsoleApp\ConsoleApp.csproj", "{401409D9-2DAF-4F39-BFE6-DB66A496B9AB}"
EndProject
Project("{FAE04EC0-301F-11D3-BF4B-00C04F79EFBC}") = "UnitTesting", "UnitTestingTorneo\UnitTesting.csproj", "{18950FF4-A1C5-4080-A8F7-50694971BE4F}"
EndProject
Global
	GlobalSection(SolutionConfigurationPlatforms) = preSolution
		Debug|Any CPU = Debug|Any CPU
		Release|Any CPU = Release|Any CPU
	EndGlobalSection
	GlobalSection(ProjectConfigurationPlatforms) = postSolution
		{771C306A-E548-48B5-BFBA-F71F0E032157}.Debug|Any CPU.ActiveCfg = Debug|Any CPU
		{771C306A-E548-48B5-BFBA-F71F0E032157}.Debug|Any CPU.Build.0 = Debug|Any CPU
		{771C306A-E548-48B5-BFBA-F71F0E032157}.Release|Any CPU.ActiveCfg = Release|Any CPU
		{771C306A-E548-48B5-BFBA-F71F0E032157}.Release|Any CPU.Build.0 = Release|Any CPU
		{401409D9-2DAF-4F39-BFE6-DB66A496B9AB}.Debug|Any CPU.ActiveCfg = Debug|Any CPU
		{401409D9-2DAF-4F39-BFE6-DB66A496B9AB}.Debug|Any CPU.Build.0 = Debug|Any CPU
		{401409D9-2DAF-4F39-BFE6-DB66A496B9AB}.Release|Any CPU.ActiveCfg = Release|Any CPU
		{401409D9-2DAF-4F39-BFE6-DB66A496B9AB}.Release|Any CPU.Build.0 = Release|Any CPU
		{18950FF4-A1C5-4080-A8F7-50694971BE4F}.Debug|Any CPU.ActiveCfg = Debug|Any CPU
		{18950FF4-A1C5-4080-A8F7-50694971BE4F}.Debug|Any CPU.Build.0 = Debug|Any CPU
		{18950FF4-A1C5-4080-A8F7-50694971BE4F}.Release|Any CPU.ActiveCfg = Release|Any CPU
		{18950FF4-A1C5-4080-A8F7-50694971BE4F}.Release|Any CPU.Build.0 = Release|Any CPU
	EndGlobalSection
	GlobalSection(SolutionProperties) = preSolution
		HideSolutionNode = FALSE
	EndGlobalSection
	GlobalSection(ExtensibilityGlobals) = postSolution
		SolutionGuid = {F907601F-D9B8-4B16-B029-6111D06A5F94}
	EndGlobalSection
EndGlobal
