
Microsoft Visual Studio Solution File, Format Version 12.00
# Visual Studio Version 17
VisualStudioVersion = 17.6.33815.320
MinimumVisualStudioVersion = 10.0.40219.1
Project("{FAE04EC0-301F-11D3-BF4B-00C04F79EFBC}") = "El_comparador2.0", "El_comparador2.0\El_comparador2.0.csproj", "{4F31677B-059D-46DE-A3D1-2DDBBC41F442}"
EndProject
Global
	GlobalSection(SolutionConfigurationPlatforms) = preSolution
		Debug|Any CPU = Debug|Any CPU
		Release|Any CPU = Release|Any CPU
	EndGlobalSection
	GlobalSection(ProjectConfigurationPlatforms) = postSolution
		{4F31677B-059D-46DE-A3D1-2DDBBC41F442}.Debug|Any CPU.ActiveCfg = Debug|Any CPU
		{4F31677B-059D-46DE-A3D1-2DDBBC41F442}.Debug|Any CPU.Build.0 = Debug|Any CPU
		{4F31677B-059D-46DE-A3D1-2DDBBC41F442}.Release|Any CPU.ActiveCfg = Release|Any CPU
		{4F31677B-059D-46DE-A3D1-2DDBBC41F442}.Release|Any CPU.Build.0 = Release|Any CPU
	EndGlobalSection
	GlobalSection(SolutionProperties) = preSolution
		HideSolutionNode = FALSE
	EndGlobalSection
	GlobalSection(ExtensibilityGlobals) = postSolution
		SolutionGuid = {DB4A4237-21E2-45F3-BC85-2B1C8A730173}
	EndGlobalSection
EndGlobal
