
Microsoft Visual Studio Solution File, Format Version 12.00
# Visual Studio Version 17
VisualStudioVersion = 17.6.33815.320
MinimumVisualStudioVersion = 10.0.40219.1
Project("{FAE04EC0-301F-11D3-BF4B-00C04F79EFBC}") = "UnNumeroPerfecto", "UnNumeroPerfecto.csproj", "{0946CF66-7BE2-4982-A011-A4F63565314A}"
EndProject
Global
	GlobalSection(SolutionConfigurationPlatforms) = preSolution
		Debug|Any CPU = Debug|Any CPU
		Release|Any CPU = Release|Any CPU
	EndGlobalSection
	GlobalSection(ProjectConfigurationPlatforms) = postSolution
		{0946CF66-7BE2-4982-A011-A4F63565314A}.Debug|Any CPU.ActiveCfg = Debug|Any CPU
		{0946CF66-7BE2-4982-A011-A4F63565314A}.Debug|Any CPU.Build.0 = Debug|Any CPU
		{0946CF66-7BE2-4982-A011-A4F63565314A}.Release|Any CPU.ActiveCfg = Release|Any CPU
		{0946CF66-7BE2-4982-A011-A4F63565314A}.Release|Any CPU.Build.0 = Release|Any CPU
	EndGlobalSection
	GlobalSection(SolutionProperties) = preSolution
		HideSolutionNode = FALSE
	EndGlobalSection
	GlobalSection(ExtensibilityGlobals) = postSolution
		SolutionGuid = {4805B11E-5CE9-4FFD-A87E-4DA508A07E53}
	EndGlobalSection
EndGlobal
