
Microsoft Visual Studio Solution File, Format Version 12.00
# Visual Studio Version 17
VisualStudioVersion = 17.6.33815.320
MinimumVisualStudioVersion = 10.0.40219.1
Project("{9A19103F-16F7-4668-BE54-9A1E7A4F7556}") = "ControlDeAduana", "ControlDeAduana\ControlDeAduana.csproj", "{6BB18BDE-E4C8-4A16-9909-4D49176E925B}"
EndProject
Project("{9A19103F-16F7-4668-BE54-9A1E7A4F7556}") = "UnitTesting", "UnitTesting\UnitTesting.csproj", "{B9DEC5AD-0AC8-4413-81CE-FD37244DE8D4}"
EndProject
Project("{FAE04EC0-301F-11D3-BF4B-00C04F79EFBC}") = "Entidades", "Entidades\Entidades.csproj", "{A2CC47B5-D64D-4D68-A362-5D6670C9F8DA}"
EndProject
Global
	GlobalSection(SolutionConfigurationPlatforms) = preSolution
		Debug|Any CPU = Debug|Any CPU
		Release|Any CPU = Release|Any CPU
	EndGlobalSection
	GlobalSection(ProjectConfigurationPlatforms) = postSolution
		{6BB18BDE-E4C8-4A16-9909-4D49176E925B}.Debug|Any CPU.ActiveCfg = Debug|Any CPU
		{6BB18BDE-E4C8-4A16-9909-4D49176E925B}.Debug|Any CPU.Build.0 = Debug|Any CPU
		{6BB18BDE-E4C8-4A16-9909-4D49176E925B}.Release|Any CPU.ActiveCfg = Release|Any CPU
		{6BB18BDE-E4C8-4A16-9909-4D49176E925B}.Release|Any CPU.Build.0 = Release|Any CPU
		{B9DEC5AD-0AC8-4413-81CE-FD37244DE8D4}.Debug|Any CPU.ActiveCfg = Debug|Any CPU
		{B9DEC5AD-0AC8-4413-81CE-FD37244DE8D4}.Debug|Any CPU.Build.0 = Debug|Any CPU
		{B9DEC5AD-0AC8-4413-81CE-FD37244DE8D4}.Release|Any CPU.ActiveCfg = Release|Any CPU
		{B9DEC5AD-0AC8-4413-81CE-FD37244DE8D4}.Release|Any CPU.Build.0 = Release|Any CPU
		{A2CC47B5-D64D-4D68-A362-5D6670C9F8DA}.Debug|Any CPU.ActiveCfg = Debug|Any CPU
		{A2CC47B5-D64D-4D68-A362-5D6670C9F8DA}.Debug|Any CPU.Build.0 = Debug|Any CPU
		{A2CC47B5-D64D-4D68-A362-5D6670C9F8DA}.Release|Any CPU.ActiveCfg = Release|Any CPU
		{A2CC47B5-D64D-4D68-A362-5D6670C9F8DA}.Release|Any CPU.Build.0 = Release|Any CPU
	EndGlobalSection
	GlobalSection(SolutionProperties) = preSolution
		HideSolutionNode = FALSE
	EndGlobalSection
	GlobalSection(ExtensibilityGlobals) = postSolution
		SolutionGuid = {5536E08D-949E-4010-8EBC-5C6F7F6DF496}
	EndGlobalSection
EndGlobal
