
Microsoft Visual Studio Solution File, Format Version 12.00
# Visual Studio Version 17
VisualStudioVersion = 17.6.33815.320
MinimumVisualStudioVersion = 10.0.40219.1
Project("{FAE04EC0-301F-11D3-BF4B-00C04F79EFBC}") = "EjemploUniversal", "EjemploUniversal.csproj", "{875ACADF-385E-4FD8-8FC8-034B0F31B2F5}"
EndProject
Project("{FAE04EC0-301F-11D3-BF4B-00C04F79EFBC}") = "Entidades", "..\Entidades\Entidades.csproj", "{F3B36085-C04E-44F9-B201-47AF876D7E45}"
EndProject
Global
	GlobalSection(SolutionConfigurationPlatforms) = preSolution
		Debug|Any CPU = Debug|Any CPU
		Release|Any CPU = Release|Any CPU
	EndGlobalSection
	GlobalSection(ProjectConfigurationPlatforms) = postSolution
		{875ACADF-385E-4FD8-8FC8-034B0F31B2F5}.Debug|Any CPU.ActiveCfg = Debug|Any CPU
		{875ACADF-385E-4FD8-8FC8-034B0F31B2F5}.Debug|Any CPU.Build.0 = Debug|Any CPU
		{875ACADF-385E-4FD8-8FC8-034B0F31B2F5}.Release|Any CPU.ActiveCfg = Release|Any CPU
		{875ACADF-385E-4FD8-8FC8-034B0F31B2F5}.Release|Any CPU.Build.0 = Release|Any CPU
		{F3B36085-C04E-44F9-B201-47AF876D7E45}.Debug|Any CPU.ActiveCfg = Debug|Any CPU
		{F3B36085-C04E-44F9-B201-47AF876D7E45}.Debug|Any CPU.Build.0 = Debug|Any CPU
		{F3B36085-C04E-44F9-B201-47AF876D7E45}.Release|Any CPU.ActiveCfg = Release|Any CPU
		{F3B36085-C04E-44F9-B201-47AF876D7E45}.Release|Any CPU.Build.0 = Release|Any CPU
	EndGlobalSection
	GlobalSection(SolutionProperties) = preSolution
		HideSolutionNode = FALSE
	EndGlobalSection
	GlobalSection(ExtensibilityGlobals) = postSolution
		SolutionGuid = {AC2640F9-A935-4D9A-A071-08751EB6CDAD}
	EndGlobalSection
EndGlobal
