
Microsoft Visual Studio Solution File, Format Version 12.00
# Visual Studio Version 17
VisualStudioVersion = 17.6.33815.320
MinimumVisualStudioVersion = 10.0.40219.1
Project("{FAE04EC0-301F-11D3-BF4B-00C04F79EFBC}") = "LaVeterinaria", "LaVeterinaria.csproj", "{20197F49-3301-4DCD-8568-B8AFE0035B8C}"
EndProject
Project("{FAE04EC0-301F-11D3-BF4B-00C04F79EFBC}") = "Entidades", "..\Entidades\Entidades.csproj", "{882B4BC5-228E-4BCC-A7CF-F2C0D2F71FD0}"
EndProject
Global
	GlobalSection(SolutionConfigurationPlatforms) = preSolution
		Debug|Any CPU = Debug|Any CPU
		Release|Any CPU = Release|Any CPU
	EndGlobalSection
	GlobalSection(ProjectConfigurationPlatforms) = postSolution
		{20197F49-3301-4DCD-8568-B8AFE0035B8C}.Debug|Any CPU.ActiveCfg = Debug|Any CPU
		{20197F49-3301-4DCD-8568-B8AFE0035B8C}.Debug|Any CPU.Build.0 = Debug|Any CPU
		{20197F49-3301-4DCD-8568-B8AFE0035B8C}.Release|Any CPU.ActiveCfg = Release|Any CPU
		{20197F49-3301-4DCD-8568-B8AFE0035B8C}.Release|Any CPU.Build.0 = Release|Any CPU
		{882B4BC5-228E-4BCC-A7CF-F2C0D2F71FD0}.Debug|Any CPU.ActiveCfg = Debug|Any CPU
		{882B4BC5-228E-4BCC-A7CF-F2C0D2F71FD0}.Debug|Any CPU.Build.0 = Debug|Any CPU
		{882B4BC5-228E-4BCC-A7CF-F2C0D2F71FD0}.Release|Any CPU.ActiveCfg = Release|Any CPU
		{882B4BC5-228E-4BCC-A7CF-F2C0D2F71FD0}.Release|Any CPU.Build.0 = Release|Any CPU
	EndGlobalSection
	GlobalSection(SolutionProperties) = preSolution
		HideSolutionNode = FALSE
	EndGlobalSection
	GlobalSection(ExtensibilityGlobals) = postSolution
		SolutionGuid = {9C01587F-D692-46DE-9DF2-ED4457CE2150}
	EndGlobalSection
EndGlobal
