
Microsoft Visual Studio Solution File, Format Version 12.00
# Visual Studio Version 17
VisualStudioVersion = 17.6.33815.320
MinimumVisualStudioVersion = 10.0.40219.1
Project("{FAE04EC0-301F-11D3-BF4B-00C04F79EFBC}") = "LaListaDelSuper", "LaListaDelSuper\LaListaDelSuper.csproj", "{AC36C2F2-A810-4623-A765-4BBF812C36B1}"
EndProject
Global
	GlobalSection(SolutionConfigurationPlatforms) = preSolution
		Debug|Any CPU = Debug|Any CPU
		Release|Any CPU = Release|Any CPU
	EndGlobalSection
	GlobalSection(ProjectConfigurationPlatforms) = postSolution
		{AC36C2F2-A810-4623-A765-4BBF812C36B1}.Debug|Any CPU.ActiveCfg = Debug|Any CPU
		{AC36C2F2-A810-4623-A765-4BBF812C36B1}.Debug|Any CPU.Build.0 = Debug|Any CPU
		{AC36C2F2-A810-4623-A765-4BBF812C36B1}.Release|Any CPU.ActiveCfg = Release|Any CPU
		{AC36C2F2-A810-4623-A765-4BBF812C36B1}.Release|Any CPU.Build.0 = Release|Any CPU
	EndGlobalSection
	GlobalSection(SolutionProperties) = preSolution
		HideSolutionNode = FALSE
	EndGlobalSection
	GlobalSection(ExtensibilityGlobals) = postSolution
		SolutionGuid = {91099E0E-0265-42AA-B398-7EFB0C75CD15}
	EndGlobalSection
EndGlobal
