
Microsoft Visual Studio Solution File, Format Version 12.00
# Visual Studio Version 17
VisualStudioVersion = 17.6.33815.320
MinimumVisualStudioVersion = 10.0.40219.1
Project("{FAE04EC0-301F-11D3-BF4B-00C04F79EFBC}") = "ContarPalabras", "ContarPalabras\ContarPalabras.csproj", "{4EE621A8-4107-4368-BEA4-F51222CB2A37}"
EndProject
Project("{FAE04EC0-301F-11D3-BF4B-00C04F79EFBC}") = "Entidades", "Entidades\Entidades.csproj", "{974418D8-A2D3-4221-ADCC-562E4DACD1B8}"
EndProject
Global
	GlobalSection(SolutionConfigurationPlatforms) = preSolution
		Debug|Any CPU = Debug|Any CPU
		Release|Any CPU = Release|Any CPU
	EndGlobalSection
	GlobalSection(ProjectConfigurationPlatforms) = postSolution
		{4EE621A8-4107-4368-BEA4-F51222CB2A37}.Debug|Any CPU.ActiveCfg = Debug|Any CPU
		{4EE621A8-4107-4368-BEA4-F51222CB2A37}.Debug|Any CPU.Build.0 = Debug|Any CPU
		{4EE621A8-4107-4368-BEA4-F51222CB2A37}.Release|Any CPU.ActiveCfg = Release|Any CPU
		{4EE621A8-4107-4368-BEA4-F51222CB2A37}.Release|Any CPU.Build.0 = Release|Any CPU
		{974418D8-A2D3-4221-ADCC-562E4DACD1B8}.Debug|Any CPU.ActiveCfg = Debug|Any CPU
		{974418D8-A2D3-4221-ADCC-562E4DACD1B8}.Debug|Any CPU.Build.0 = Debug|Any CPU
		{974418D8-A2D3-4221-ADCC-562E4DACD1B8}.Release|Any CPU.ActiveCfg = Release|Any CPU
		{974418D8-A2D3-4221-ADCC-562E4DACD1B8}.Release|Any CPU.Build.0 = Release|Any CPU
	EndGlobalSection
	GlobalSection(SolutionProperties) = preSolution
		HideSolutionNode = FALSE
	EndGlobalSection
	GlobalSection(ExtensibilityGlobals) = postSolution
		SolutionGuid = {85B45BB4-A27C-41E4-8A35-C1019CDB19F2}
	EndGlobalSection
EndGlobal
