
Microsoft Visual Studio Solution File, Format Version 12.00
# Visual Studio Version 17
VisualStudioVersion = 17.6.33815.320
MinimumVisualStudioVersion = 10.0.40219.1
Project("{FAE04EC0-301F-11D3-BF4B-00C04F79EFBC}") = "AppCotizador", "AppCotizador.csproj", "{E4C649C3-398D-456B-8A11-3C3CC9E51CDB}"
EndProject
Project("{FAE04EC0-301F-11D3-BF4B-00C04F79EFBC}") = "Billetes", "..\Cotizador\Billetes.csproj", "{EFAA1DC9-B293-48F8-9E5A-0A5D80B7F427}"
EndProject
Global
	GlobalSection(SolutionConfigurationPlatforms) = preSolution
		Debug|Any CPU = Debug|Any CPU
		Release|Any CPU = Release|Any CPU
	EndGlobalSection
	GlobalSection(ProjectConfigurationPlatforms) = postSolution
		{E4C649C3-398D-456B-8A11-3C3CC9E51CDB}.Debug|Any CPU.ActiveCfg = Debug|Any CPU
		{E4C649C3-398D-456B-8A11-3C3CC9E51CDB}.Debug|Any CPU.Build.0 = Debug|Any CPU
		{E4C649C3-398D-456B-8A11-3C3CC9E51CDB}.Release|Any CPU.ActiveCfg = Release|Any CPU
		{E4C649C3-398D-456B-8A11-3C3CC9E51CDB}.Release|Any CPU.Build.0 = Release|Any CPU
		{EFAA1DC9-B293-48F8-9E5A-0A5D80B7F427}.Debug|Any CPU.ActiveCfg = Debug|Any CPU
		{EFAA1DC9-B293-48F8-9E5A-0A5D80B7F427}.Debug|Any CPU.Build.0 = Debug|Any CPU
		{EFAA1DC9-B293-48F8-9E5A-0A5D80B7F427}.Release|Any CPU.ActiveCfg = Release|Any CPU
		{EFAA1DC9-B293-48F8-9E5A-0A5D80B7F427}.Release|Any CPU.Build.0 = Release|Any CPU
	EndGlobalSection
	GlobalSection(SolutionProperties) = preSolution
		HideSolutionNode = FALSE
	EndGlobalSection
	GlobalSection(ExtensibilityGlobals) = postSolution
		SolutionGuid = {0AE25E84-E3D4-40C0-BF89-B585368BC275}
	EndGlobalSection
EndGlobal
