
Microsoft Visual Studio Solution File, Format Version 12.00
# Visual Studio Version 17
VisualStudioVersion = 17.6.33815.320
MinimumVisualStudioVersion = 10.0.40219.1
Project("{FAE04EC0-301F-11D3-BF4B-00C04F79EFBC}") = "ConversorBinario", "ConversorBinario.csproj", "{131956B6-C939-4AA1-9A76-F73CE24637B3}"
EndProject
Project("{FAE04EC0-301F-11D3-BF4B-00C04F79EFBC}") = "Entidades", "..\Entidades\Entidades.csproj", "{B1DF1A32-A5FD-48A6-9C1A-8B5B4CAEB04D}"
EndProject
Global
	GlobalSection(SolutionConfigurationPlatforms) = preSolution
		Debug|Any CPU = Debug|Any CPU
		Release|Any CPU = Release|Any CPU
	EndGlobalSection
	GlobalSection(ProjectConfigurationPlatforms) = postSolution
		{131956B6-C939-4AA1-9A76-F73CE24637B3}.Debug|Any CPU.ActiveCfg = Debug|Any CPU
		{131956B6-C939-4AA1-9A76-F73CE24637B3}.Debug|Any CPU.Build.0 = Debug|Any CPU
		{131956B6-C939-4AA1-9A76-F73CE24637B3}.Release|Any CPU.ActiveCfg = Release|Any CPU
		{131956B6-C939-4AA1-9A76-F73CE24637B3}.Release|Any CPU.Build.0 = Release|Any CPU
		{B1DF1A32-A5FD-48A6-9C1A-8B5B4CAEB04D}.Debug|Any CPU.ActiveCfg = Debug|Any CPU
		{B1DF1A32-A5FD-48A6-9C1A-8B5B4CAEB04D}.Debug|Any CPU.Build.0 = Debug|Any CPU
		{B1DF1A32-A5FD-48A6-9C1A-8B5B4CAEB04D}.Release|Any CPU.ActiveCfg = Release|Any CPU
		{B1DF1A32-A5FD-48A6-9C1A-8B5B4CAEB04D}.Release|Any CPU.Build.0 = Release|Any CPU
	EndGlobalSection
	GlobalSection(SolutionProperties) = preSolution
		HideSolutionNode = FALSE
	EndGlobalSection
	GlobalSection(ExtensibilityGlobals) = postSolution
		SolutionGuid = {F3F04D5D-1CF6-4ADC-9B62-4A2ABC28D9EF}
	EndGlobalSection
EndGlobal
