
Microsoft Visual Studio Solution File, Format Version 12.00
# Visual Studio Version 17
VisualStudioVersion = 17.6.33815.320
MinimumVisualStudioVersion = 10.0.40219.1
Project("{FAE04EC0-301F-11D3-BF4B-00C04F79EFBC}") = "LosPrimos", "LosPrimos.csproj", "{4FFD491B-1218-4CFD-8AD6-F2669DB741EA}"
EndProject
Project("{FAE04EC0-301F-11D3-BF4B-00C04F79EFBC}") = "Logica", "..\Logica\Logica.csproj", "{78B11731-9A00-4FBB-86B6-4C0EECB345F5}"
EndProject
Global
	GlobalSection(SolutionConfigurationPlatforms) = preSolution
		Debug|Any CPU = Debug|Any CPU
		Release|Any CPU = Release|Any CPU
	EndGlobalSection
	GlobalSection(ProjectConfigurationPlatforms) = postSolution
		{4FFD491B-1218-4CFD-8AD6-F2669DB741EA}.Debug|Any CPU.ActiveCfg = Debug|Any CPU
		{4FFD491B-1218-4CFD-8AD6-F2669DB741EA}.Debug|Any CPU.Build.0 = Debug|Any CPU
		{4FFD491B-1218-4CFD-8AD6-F2669DB741EA}.Release|Any CPU.ActiveCfg = Release|Any CPU
		{4FFD491B-1218-4CFD-8AD6-F2669DB741EA}.Release|Any CPU.Build.0 = Release|Any CPU
		{78B11731-9A00-4FBB-86B6-4C0EECB345F5}.Debug|Any CPU.ActiveCfg = Debug|Any CPU
		{78B11731-9A00-4FBB-86B6-4C0EECB345F5}.Debug|Any CPU.Build.0 = Debug|Any CPU
		{78B11731-9A00-4FBB-86B6-4C0EECB345F5}.Release|Any CPU.ActiveCfg = Release|Any CPU
		{78B11731-9A00-4FBB-86B6-4C0EECB345F5}.Release|Any CPU.Build.0 = Release|Any CPU
	EndGlobalSection
	GlobalSection(SolutionProperties) = preSolution
		HideSolutionNode = FALSE
	EndGlobalSection
	GlobalSection(ExtensibilityGlobals) = postSolution
		SolutionGuid = {DB452B32-0F16-4644-8E67-EBAC7CCD1774}
	EndGlobalSection
EndGlobal
