
Microsoft Visual Studio Solution File, Format Version 12.00
# Visual Studio Version 17
VisualStudioVersion = 17.6.33815.320
MinimumVisualStudioVersion = 10.0.40219.1
Project("{FAE04EC0-301F-11D3-BF4B-00C04F79EFBC}") = "PracticaDelegadosYLambda", "PracticaDelegadosYLambda\PracticaDelegadosYLambda.csproj", "{A18CB7B0-7C9B-4B83-BD3E-F3F339A86F76}"
EndProject
Project("{FAE04EC0-301F-11D3-BF4B-00C04F79EFBC}") = "Entidades", "Entidades\Entidades.csproj", "{3328F805-EF87-433A-B398-9A63B44F5154}"
EndProject
Global
	GlobalSection(SolutionConfigurationPlatforms) = preSolution
		Debug|Any CPU = Debug|Any CPU
		Release|Any CPU = Release|Any CPU
	EndGlobalSection
	GlobalSection(ProjectConfigurationPlatforms) = postSolution
		{A18CB7B0-7C9B-4B83-BD3E-F3F339A86F76}.Debug|Any CPU.ActiveCfg = Debug|Any CPU
		{A18CB7B0-7C9B-4B83-BD3E-F3F339A86F76}.Debug|Any CPU.Build.0 = Debug|Any CPU
		{A18CB7B0-7C9B-4B83-BD3E-F3F339A86F76}.Release|Any CPU.ActiveCfg = Release|Any CPU
		{A18CB7B0-7C9B-4B83-BD3E-F3F339A86F76}.Release|Any CPU.Build.0 = Release|Any CPU
		{3328F805-EF87-433A-B398-9A63B44F5154}.Debug|Any CPU.ActiveCfg = Debug|Any CPU
		{3328F805-EF87-433A-B398-9A63B44F5154}.Debug|Any CPU.Build.0 = Debug|Any CPU
		{3328F805-EF87-433A-B398-9A63B44F5154}.Release|Any CPU.ActiveCfg = Release|Any CPU
		{3328F805-EF87-433A-B398-9A63B44F5154}.Release|Any CPU.Build.0 = Release|Any CPU
	EndGlobalSection
	GlobalSection(SolutionProperties) = preSolution
		HideSolutionNode = FALSE
	EndGlobalSection
	GlobalSection(ExtensibilityGlobals) = postSolution
		SolutionGuid = {B410DA93-34BD-4B68-A471-9A6A4DFECD13}
	EndGlobalSection
EndGlobal
