
Microsoft Visual Studio Solution File, Format Version 12.00
# Visual Studio Version 17
VisualStudioVersion = 17.6.33815.320
MinimumVisualStudioVersion = 10.0.40219.1
Project("{FAE04EC0-301F-11D3-BF4B-00C04F79EFBC}") = "Login", "Login\Login.csproj", "{53E0735C-57A3-4A23-A0DC-EB5A0BA16D67}"
EndProject
Project("{FAE04EC0-301F-11D3-BF4B-00C04F79EFBC}") = "Biblioteca", "Biblioteca\Biblioteca.csproj", "{8094674F-568E-4254-9EC3-325294D4B6C6}"
EndProject
Global
	GlobalSection(SolutionConfigurationPlatforms) = preSolution
		Debug|Any CPU = Debug|Any CPU
		Release|Any CPU = Release|Any CPU
	EndGlobalSection
	GlobalSection(ProjectConfigurationPlatforms) = postSolution
		{53E0735C-57A3-4A23-A0DC-EB5A0BA16D67}.Debug|Any CPU.ActiveCfg = Debug|Any CPU
		{53E0735C-57A3-4A23-A0DC-EB5A0BA16D67}.Debug|Any CPU.Build.0 = Debug|Any CPU
		{53E0735C-57A3-4A23-A0DC-EB5A0BA16D67}.Release|Any CPU.ActiveCfg = Release|Any CPU
		{53E0735C-57A3-4A23-A0DC-EB5A0BA16D67}.Release|Any CPU.Build.0 = Release|Any CPU
		{8094674F-568E-4254-9EC3-325294D4B6C6}.Debug|Any CPU.ActiveCfg = Debug|Any CPU
		{8094674F-568E-4254-9EC3-325294D4B6C6}.Debug|Any CPU.Build.0 = Debug|Any CPU
		{8094674F-568E-4254-9EC3-325294D4B6C6}.Release|Any CPU.ActiveCfg = Release|Any CPU
		{8094674F-568E-4254-9EC3-325294D4B6C6}.Release|Any CPU.Build.0 = Release|Any CPU
	EndGlobalSection
	GlobalSection(SolutionProperties) = preSolution
		HideSolutionNode = FALSE
	EndGlobalSection
	GlobalSection(ExtensibilityGlobals) = postSolution
		SolutionGuid = {64E1A7B5-D034-46FC-B356-2D7F484F24FF}
	EndGlobalSection
EndGlobal
