
Microsoft Visual Studio Solution File, Format Version 12.00
# Visual Studio Version 17
VisualStudioVersion = 17.6.33815.320
MinimumVisualStudioVersion = 10.0.40219.1
Project("{FAE04EC0-301F-11D3-BF4B-00C04F79EFBC}") = "TirameUnCentro", "TirameUnCentro.csproj", "{0BE4FE66-F64B-4D5B-9ADF-73A85CD96D2A}"
EndProject
Project("{FAE04EC0-301F-11D3-BF4B-00C04F79EFBC}") = "Entidades", "..\Entidades\Entidades.csproj", "{216380B5-C4B1-4580-9F36-79D296320882}"
EndProject
Global
	GlobalSection(SolutionConfigurationPlatforms) = preSolution
		Debug|Any CPU = Debug|Any CPU
		Release|Any CPU = Release|Any CPU
	EndGlobalSection
	GlobalSection(ProjectConfigurationPlatforms) = postSolution
		{0BE4FE66-F64B-4D5B-9ADF-73A85CD96D2A}.Debug|Any CPU.ActiveCfg = Debug|Any CPU
		{0BE4FE66-F64B-4D5B-9ADF-73A85CD96D2A}.Debug|Any CPU.Build.0 = Debug|Any CPU
		{0BE4FE66-F64B-4D5B-9ADF-73A85CD96D2A}.Release|Any CPU.ActiveCfg = Release|Any CPU
		{0BE4FE66-F64B-4D5B-9ADF-73A85CD96D2A}.Release|Any CPU.Build.0 = Release|Any CPU
		{216380B5-C4B1-4580-9F36-79D296320882}.Debug|Any CPU.ActiveCfg = Debug|Any CPU
		{216380B5-C4B1-4580-9F36-79D296320882}.Debug|Any CPU.Build.0 = Debug|Any CPU
		{216380B5-C4B1-4580-9F36-79D296320882}.Release|Any CPU.ActiveCfg = Release|Any CPU
		{216380B5-C4B1-4580-9F36-79D296320882}.Release|Any CPU.Build.0 = Release|Any CPU
	EndGlobalSection
	GlobalSection(SolutionProperties) = preSolution
		HideSolutionNode = FALSE
	EndGlobalSection
	GlobalSection(ExtensibilityGlobals) = postSolution
		SolutionGuid = {A550BE38-7262-491E-8449-58F8473A2979}
	EndGlobalSection
EndGlobal
