
Microsoft Visual Studio Solution File, Format Version 12.00
# Visual Studio Version 17
VisualStudioVersion = 17.6.33815.320
MinimumVisualStudioVersion = 10.0.40219.1
Project("{FAE04EC0-301F-11D3-BF4B-00C04F79EFBC}") = "ContadorDeDigitos", "ContadorDeDigitos\ContadorDeDigitos.csproj", "{3293C9F8-C146-4561-87B1-DA15AC78A101}"
EndProject
Project("{FAE04EC0-301F-11D3-BF4B-00C04F79EFBC}") = "Entidades", "Entidades\Entidades.csproj", "{CD8C0443-82DB-4509-B843-1CBAD570389C}"
EndProject
Project("{FAE04EC0-301F-11D3-BF4B-00C04F79EFBC}") = "UnitTesting", "UnitTesting\UnitTesting.csproj", "{D7E4A962-7613-4B60-8BE1-33F421E726AF}"
EndProject
Global
	GlobalSection(SolutionConfigurationPlatforms) = preSolution
		Debug|Any CPU = Debug|Any CPU
		Release|Any CPU = Release|Any CPU
	EndGlobalSection
	GlobalSection(ProjectConfigurationPlatforms) = postSolution
		{3293C9F8-C146-4561-87B1-DA15AC78A101}.Debug|Any CPU.ActiveCfg = Debug|Any CPU
		{3293C9F8-C146-4561-87B1-DA15AC78A101}.Debug|Any CPU.Build.0 = Debug|Any CPU
		{3293C9F8-C146-4561-87B1-DA15AC78A101}.Release|Any CPU.ActiveCfg = Release|Any CPU
		{3293C9F8-C146-4561-87B1-DA15AC78A101}.Release|Any CPU.Build.0 = Release|Any CPU
		{CD8C0443-82DB-4509-B843-1CBAD570389C}.Debug|Any CPU.ActiveCfg = Debug|Any CPU
		{CD8C0443-82DB-4509-B843-1CBAD570389C}.Debug|Any CPU.Build.0 = Debug|Any CPU
		{CD8C0443-82DB-4509-B843-1CBAD570389C}.Release|Any CPU.ActiveCfg = Release|Any CPU
		{CD8C0443-82DB-4509-B843-1CBAD570389C}.Release|Any CPU.Build.0 = Release|Any CPU
		{D7E4A962-7613-4B60-8BE1-33F421E726AF}.Debug|Any CPU.ActiveCfg = Debug|Any CPU
		{D7E4A962-7613-4B60-8BE1-33F421E726AF}.Debug|Any CPU.Build.0 = Debug|Any CPU
		{D7E4A962-7613-4B60-8BE1-33F421E726AF}.Release|Any CPU.ActiveCfg = Release|Any CPU
		{D7E4A962-7613-4B60-8BE1-33F421E726AF}.Release|Any CPU.Build.0 = Release|Any CPU
	EndGlobalSection
	GlobalSection(SolutionProperties) = preSolution
		HideSolutionNode = FALSE
	EndGlobalSection
	GlobalSection(ExtensibilityGlobals) = postSolution
		SolutionGuid = {B165245F-9A2D-44BD-A8D1-370D76D7B292}
	EndGlobalSection
EndGlobal
