
Microsoft Visual Studio Solution File, Format Version 12.00
# Visual Studio Version 17
VisualStudioVersion = 17.6.33815.320
MinimumVisualStudioVersion = 10.0.40219.1
Project("{FAE04EC0-301F-11D3-BF4B-00C04F79EFBC}") = "ValidadorRangos", "ValidadorRangos.csproj", "{5ACA158B-D356-4174-ADE1-EB84A962E9BA}"
EndProject
Project("{FAE04EC0-301F-11D3-BF4B-00C04F79EFBC}") = "Entidades", "..\Entidades\Entidades.csproj", "{7AE0B297-DBC6-4A4F-8241-EF40FABB73D1}"
EndProject
Global
	GlobalSection(SolutionConfigurationPlatforms) = preSolution
		Debug|Any CPU = Debug|Any CPU
		Release|Any CPU = Release|Any CPU
	EndGlobalSection
	GlobalSection(ProjectConfigurationPlatforms) = postSolution
		{5ACA158B-D356-4174-ADE1-EB84A962E9BA}.Debug|Any CPU.ActiveCfg = Debug|Any CPU
		{5ACA158B-D356-4174-ADE1-EB84A962E9BA}.Debug|Any CPU.Build.0 = Debug|Any CPU
		{5ACA158B-D356-4174-ADE1-EB84A962E9BA}.Release|Any CPU.ActiveCfg = Release|Any CPU
		{5ACA158B-D356-4174-ADE1-EB84A962E9BA}.Release|Any CPU.Build.0 = Release|Any CPU
		{7AE0B297-DBC6-4A4F-8241-EF40FABB73D1}.Debug|Any CPU.ActiveCfg = Debug|Any CPU
		{7AE0B297-DBC6-4A4F-8241-EF40FABB73D1}.Debug|Any CPU.Build.0 = Debug|Any CPU
		{7AE0B297-DBC6-4A4F-8241-EF40FABB73D1}.Release|Any CPU.ActiveCfg = Release|Any CPU
		{7AE0B297-DBC6-4A4F-8241-EF40FABB73D1}.Release|Any CPU.Build.0 = Release|Any CPU
	EndGlobalSection
	GlobalSection(SolutionProperties) = preSolution
		HideSolutionNode = FALSE
	EndGlobalSection
	GlobalSection(ExtensibilityGlobals) = postSolution
		SolutionGuid = {E70E83B2-0606-45E1-B9AF-92E970BF9D3E}
	EndGlobalSection
EndGlobal
