
Microsoft Visual Studio Solution File, Format Version 12.00
# Visual Studio Version 17
VisualStudioVersion = 17.6.33815.320
MinimumVisualStudioVersion = 10.0.40219.1
Project("{FAE04EC0-301F-11D3-BF4B-00C04F79EFBC}") = "CalculadoraDeFormas", "CalculadoraDeFormas\CalculadoraDeFormas.csproj", "{FD8A8328-4304-4E74-B9D9-9EB9706985C1}"
EndProject
Project("{FAE04EC0-301F-11D3-BF4B-00C04F79EFBC}") = "Entidades", "Entidades\Entidades.csproj", "{5F787531-11F8-4A73-B13F-8C7D3C272977}"
EndProject
Global
	GlobalSection(SolutionConfigurationPlatforms) = preSolution
		Debug|Any CPU = Debug|Any CPU
		Release|Any CPU = Release|Any CPU
	EndGlobalSection
	GlobalSection(ProjectConfigurationPlatforms) = postSolution
		{FD8A8328-4304-4E74-B9D9-9EB9706985C1}.Debug|Any CPU.ActiveCfg = Debug|Any CPU
		{FD8A8328-4304-4E74-B9D9-9EB9706985C1}.Debug|Any CPU.Build.0 = Debug|Any CPU
		{FD8A8328-4304-4E74-B9D9-9EB9706985C1}.Release|Any CPU.ActiveCfg = Release|Any CPU
		{FD8A8328-4304-4E74-B9D9-9EB9706985C1}.Release|Any CPU.Build.0 = Release|Any CPU
		{5F787531-11F8-4A73-B13F-8C7D3C272977}.Debug|Any CPU.ActiveCfg = Debug|Any CPU
		{5F787531-11F8-4A73-B13F-8C7D3C272977}.Debug|Any CPU.Build.0 = Debug|Any CPU
		{5F787531-11F8-4A73-B13F-8C7D3C272977}.Release|Any CPU.ActiveCfg = Release|Any CPU
		{5F787531-11F8-4A73-B13F-8C7D3C272977}.Release|Any CPU.Build.0 = Release|Any CPU
	EndGlobalSection
	GlobalSection(SolutionProperties) = preSolution
		HideSolutionNode = FALSE
	EndGlobalSection
	GlobalSection(ExtensibilityGlobals) = postSolution
		SolutionGuid = {1461A541-610B-4E27-847E-D3498A0E7D45}
	EndGlobalSection
EndGlobal
