
Microsoft Visual Studio Solution File, Format Version 12.00
# Visual Studio Version 17
VisualStudioVersion = 17.6.33815.320
MinimumVisualStudioVersion = 10.0.40219.1
Project("{FAE04EC0-301F-11D3-BF4B-00C04F79EFBC}") = "ElDelegado", "ElDelegado\ElDelegado.csproj", "{4BA56F86-EDA4-4FB0-9A9C-2451335F4A78}"
EndProject
Global
	GlobalSection(SolutionConfigurationPlatforms) = preSolution
		Debug|Any CPU = Debug|Any CPU
		Release|Any CPU = Release|Any CPU
	EndGlobalSection
	GlobalSection(ProjectConfigurationPlatforms) = postSolution
		{4BA56F86-EDA4-4FB0-9A9C-2451335F4A78}.Debug|Any CPU.ActiveCfg = Debug|Any CPU
		{4BA56F86-EDA4-4FB0-9A9C-2451335F4A78}.Debug|Any CPU.Build.0 = Debug|Any CPU
		{4BA56F86-EDA4-4FB0-9A9C-2451335F4A78}.Release|Any CPU.ActiveCfg = Release|Any CPU
		{4BA56F86-EDA4-4FB0-9A9C-2451335F4A78}.Release|Any CPU.Build.0 = Release|Any CPU
	EndGlobalSection
	GlobalSection(SolutionProperties) = preSolution
		HideSolutionNode = FALSE
	EndGlobalSection
	GlobalSection(ExtensibilityGlobals) = postSolution
		SolutionGuid = {68E953D1-F31E-4CA1-92DF-A8C85E3C1567}
	EndGlobalSection
EndGlobal
