
Microsoft Visual Studio Solution File, Format Version 12.00
# Visual Studio Version 17
VisualStudioVersion = 17.6.33815.320
MinimumVisualStudioVersion = 10.0.40219.1
Project("{FAE04EC0-301F-11D3-BF4B-00C04F79EFBC}") = "ElViajarEsUnPlacer", "ElViajarEsUnPlacer\ElViajarEsUnPlacer.csproj", "{FCF0A154-220D-4506-BCC5-CF025EF9F652}"
EndProject
Project("{FAE04EC0-301F-11D3-BF4B-00C04F79EFBC}") = "Entidades", "Entidades\Entidades.csproj", "{800ED42A-7FBA-4A91-842A-7F4B6BFE8E78}"
EndProject
Global
	GlobalSection(SolutionConfigurationPlatforms) = preSolution
		Debug|Any CPU = Debug|Any CPU
		Release|Any CPU = Release|Any CPU
	EndGlobalSection
	GlobalSection(ProjectConfigurationPlatforms) = postSolution
		{FCF0A154-220D-4506-BCC5-CF025EF9F652}.Debug|Any CPU.ActiveCfg = Debug|Any CPU
		{FCF0A154-220D-4506-BCC5-CF025EF9F652}.Debug|Any CPU.Build.0 = Debug|Any CPU
		{FCF0A154-220D-4506-BCC5-CF025EF9F652}.Release|Any CPU.ActiveCfg = Release|Any CPU
		{FCF0A154-220D-4506-BCC5-CF025EF9F652}.Release|Any CPU.Build.0 = Release|Any CPU
		{800ED42A-7FBA-4A91-842A-7F4B6BFE8E78}.Debug|Any CPU.ActiveCfg = Debug|Any CPU
		{800ED42A-7FBA-4A91-842A-7F4B6BFE8E78}.Debug|Any CPU.Build.0 = Debug|Any CPU
		{800ED42A-7FBA-4A91-842A-7F4B6BFE8E78}.Release|Any CPU.ActiveCfg = Release|Any CPU
		{800ED42A-7FBA-4A91-842A-7F4B6BFE8E78}.Release|Any CPU.Build.0 = Release|Any CPU
	EndGlobalSection
	GlobalSection(SolutionProperties) = preSolution
		HideSolutionNode = FALSE
	EndGlobalSection
	GlobalSection(ExtensibilityGlobals) = postSolution
		SolutionGuid = {FD92FE44-8F4B-46EB-8A2F-EC7CA9888823}
	EndGlobalSection
EndGlobal
