
Microsoft Visual Studio Solution File, Format Version 12.00
# Visual Studio Version 17
VisualStudioVersion = 17.6.33815.320
MinimumVisualStudioVersion = 10.0.40219.1
Project("{FAE04EC0-301F-11D3-BF4B-00C04F79EFBC}") = "ElRelojero", "ElRelojero\ElRelojero.csproj", "{F1EFFA6E-BA9B-4BFA-9272-C54C4021002D}"
EndProject
Global
	GlobalSection(SolutionConfigurationPlatforms) = preSolution
		Debug|Any CPU = Debug|Any CPU
		Release|Any CPU = Release|Any CPU
	EndGlobalSection
	GlobalSection(ProjectConfigurationPlatforms) = postSolution
		{F1EFFA6E-BA9B-4BFA-9272-C54C4021002D}.Debug|Any CPU.ActiveCfg = Debug|Any CPU
		{F1EFFA6E-BA9B-4BFA-9272-C54C4021002D}.Debug|Any CPU.Build.0 = Debug|Any CPU
		{F1EFFA6E-BA9B-4BFA-9272-C54C4021002D}.Release|Any CPU.ActiveCfg = Release|Any CPU
		{F1EFFA6E-BA9B-4BFA-9272-C54C4021002D}.Release|Any CPU.Build.0 = Release|Any CPU
	EndGlobalSection
	GlobalSection(SolutionProperties) = preSolution
		HideSolutionNode = FALSE
	EndGlobalSection
	GlobalSection(ExtensibilityGlobals) = postSolution
		SolutionGuid = {DC2464F3-E67C-4DAB-807E-DA48698948F8}
	EndGlobalSection
EndGlobal
