
Microsoft Visual Studio Solution File, Format Version 12.00
# Visual Studio Version 17
VisualStudioVersion = 17.6.33815.320
MinimumVisualStudioVersion = 10.0.40219.1
Project("{FAE04EC0-301F-11D3-BF4B-00C04F79EFBC}") = "DibujarTrianguloRectangulo", "DibujarTrianguloRectangulo.csproj", "{89F74020-4E2C-4B47-A54C-DABC093347B7}"
EndProject
Global
	GlobalSection(SolutionConfigurationPlatforms) = preSolution
		Debug|Any CPU = Debug|Any CPU
		Release|Any CPU = Release|Any CPU
	EndGlobalSection
	GlobalSection(ProjectConfigurationPlatforms) = postSolution
		{89F74020-4E2C-4B47-A54C-DABC093347B7}.Debug|Any CPU.ActiveCfg = Debug|Any CPU
		{89F74020-4E2C-4B47-A54C-DABC093347B7}.Debug|Any CPU.Build.0 = Debug|Any CPU
		{89F74020-4E2C-4B47-A54C-DABC093347B7}.Release|Any CPU.ActiveCfg = Release|Any CPU
		{89F74020-4E2C-4B47-A54C-DABC093347B7}.Release|Any CPU.Build.0 = Release|Any CPU
	EndGlobalSection
	GlobalSection(SolutionProperties) = preSolution
		HideSolutionNode = FALSE
	EndGlobalSection
	GlobalSection(ExtensibilityGlobals) = postSolution
		SolutionGuid = {154F52BD-A7A3-4C86-8CDA-A2446C61EA78}
	EndGlobalSection
EndGlobal
