
Microsoft Visual Studio Solution File, Format Version 12.00
# Visual Studio Version 17
VisualStudioVersion = 17.6.33815.320
MinimumVisualStudioVersion = 10.0.40219.1
Project("{FAE04EC0-301F-11D3-BF4B-00C04F79EFBC}") = "EjercicioDePPT", "EjercicioDePPT\EjercicioDePPT.csproj", "{CF197C29-B622-4D8C-BABF-9C12403DD79D}"
EndProject
Project("{FAE04EC0-301F-11D3-BF4B-00C04F79EFBC}") = "UniTest", "UniTest\UniTest.csproj", "{AFCD9017-8A63-4510-9FC3-EE2F7C7D1B39}"
EndProject
Project("{FAE04EC0-301F-11D3-BF4B-00C04F79EFBC}") = "Entidades", "Entidades\Entidades.csproj", "{C1823F75-6F0A-4458-9003-453213F54340}"
EndProject
Global
	GlobalSection(SolutionConfigurationPlatforms) = preSolution
		Debug|Any CPU = Debug|Any CPU
		Release|Any CPU = Release|Any CPU
	EndGlobalSection
	GlobalSection(ProjectConfigurationPlatforms) = postSolution
		{CF197C29-B622-4D8C-BABF-9C12403DD79D}.Debug|Any CPU.ActiveCfg = Debug|Any CPU
		{CF197C29-B622-4D8C-BABF-9C12403DD79D}.Debug|Any CPU.Build.0 = Debug|Any CPU
		{CF197C29-B622-4D8C-BABF-9C12403DD79D}.Release|Any CPU.ActiveCfg = Release|Any CPU
		{CF197C29-B622-4D8C-BABF-9C12403DD79D}.Release|Any CPU.Build.0 = Release|Any CPU
		{AFCD9017-8A63-4510-9FC3-EE2F7C7D1B39}.Debug|Any CPU.ActiveCfg = Debug|Any CPU
		{AFCD9017-8A63-4510-9FC3-EE2F7C7D1B39}.Debug|Any CPU.Build.0 = Debug|Any CPU
		{AFCD9017-8A63-4510-9FC3-EE2F7C7D1B39}.Release|Any CPU.ActiveCfg = Release|Any CPU
		{AFCD9017-8A63-4510-9FC3-EE2F7C7D1B39}.Release|Any CPU.Build.0 = Release|Any CPU
		{C1823F75-6F0A-4458-9003-453213F54340}.Debug|Any CPU.ActiveCfg = Debug|Any CPU
		{C1823F75-6F0A-4458-9003-453213F54340}.Debug|Any CPU.Build.0 = Debug|Any CPU
		{C1823F75-6F0A-4458-9003-453213F54340}.Release|Any CPU.ActiveCfg = Release|Any CPU
		{C1823F75-6F0A-4458-9003-453213F54340}.Release|Any CPU.Build.0 = Release|Any CPU
	EndGlobalSection
	GlobalSection(SolutionProperties) = preSolution
		HideSolutionNode = FALSE
	EndGlobalSection
	GlobalSection(ExtensibilityGlobals) = postSolution
		SolutionGuid = {5D7038D9-B527-4D16-9828-DCE87B8FFA92}
	EndGlobalSection
EndGlobal
